
Microsoft Visual Studio Solution File, Format Version 12.00
# Visual Studio Version 17
VisualStudioVersion = 17.4.33110.190
MinimumVisualStudioVersion = 10.0.40219.1
Project("{9A19103F-16F7-4668-BE54-9A1E7A4F7556}") = "TasksReportManager.API", "TasksReportManager.API\TasksReportManager.API.csproj", "{5783E685-BAEE-4D58-83E9-1ACFEE932C52}"
EndProject
Project("{2150E333-8FDC-42A3-9474-1A3956D46DE8}") = "01-Data", "01-Data", "{22E87C4A-CA7C-43C3-8D80-8A6E86C70D9E}"
EndProject
Project("{9A19103F-16F7-4668-BE54-9A1E7A4F7556}") = "TasksReportManager.EntitiesModel", "TasksReportManager.EntitiesModel\TasksReportManager.EntitiesModel.csproj", "{88FBD15F-49D2-4824-8AEB-8E83E9D5A984}"
EndProject
Project("{9A19103F-16F7-4668-BE54-9A1E7A4F7556}") = "TasksReportManager.EFPersistence", "TasksReportManager.EFPersistence\TasksReportManager.EFPersistence.csproj", "{0E4CD24F-CDF7-48FA-9B08-6C4013844063}"
EndProject
Project("{2150E333-8FDC-42A3-9474-1A3956D46DE8}") = "02-Application Domain", "02-Application Domain", "{35A0091F-592D-4EBB-A05F-81C9BC1C2AF3}"
EndProject
Project("{2150E333-8FDC-42A3-9474-1A3956D46DE8}") = "03-Infra", "03-Infra", "{704C78AC-6D5D-4619-8A05-0313A9F4FA09}"
EndProject
Project("{9A19103F-16F7-4668-BE54-9A1E7A4F7556}") = "TasksReportManager.API.Infra", "TasksReportManager.API.Infra\TasksReportManager.API.Infra.csproj", "{0CE15D15-3355-4BDC-A40A-3FD97E5948E5}"
EndProject
Project("{2150E333-8FDC-42A3-9474-1A3956D46DE8}") = "04-Tests", "04-Tests", "{7BFEB891-43A6-4B1F-9D24-FC16F20ADF36}"
EndProject
Project("{9A19103F-16F7-4668-BE54-9A1E7A4F7556}") = "TasksReportManager.API.UnitTests", "TasksReportManager.API.UnitTests\TasksReportManager.API.UnitTests.csproj", "{06695021-9EF4-4544-93E1-3ACD3CE626FC}"
EndProject
Project("{9A19103F-16F7-4668-BE54-9A1E7A4F7556}") = "TasksReportManager.EntitiesModel.UnitTests", "TasksReportManager.EntitiesModel.UnitTests\TasksReportManager.EntitiesModel.UnitTests.csproj", "{041B4CB4-9FEE-4416-8874-2A65BC5E480E}"
EndProject
Project("{9A19103F-16F7-4668-BE54-9A1E7A4F7556}") = "TasksReportManager.EFPersistence.UnitTests", "TasksReportManager.EFPersistence.UnitTests\TasksReportManager.EFPersistence.UnitTests.csproj", "{778E1E31-934A-4200-B0A8-77293033FE6E}"
EndProject
Project("{9A19103F-16F7-4668-BE54-9A1E7A4F7556}") = "TasksReportManager.Application.Dtos", "TasksReportManager.Application.Dtos\TasksReportManager.Application.Dtos.csproj", "{BAC8829B-6867-4FDD-B513-29A4C57224FE}"
EndProject
Project("{9A19103F-16F7-4668-BE54-9A1E7A4F7556}") = "TasksReportManager.Application.Dtos.UnitTests", "TasksReportManager.Application.Dtos.UnitTests\TasksReportManager.Application.Dtos.UnitTests.csproj", "{CE3D4785-0928-4083-B21A-59AC9F787FA1}"
EndProject
Project("{9A19103F-16F7-4668-BE54-9A1E7A4F7556}") = "TasksReportManager.API.Infra.UnitTests", "TasksReportManager.API.Infra.UnitTests\TasksReportManager.API.Infra.UnitTests.csproj", "{21CDFBBE-690B-4AE4-BA7A-078A079D0F6A}"
EndProject
Global
	GlobalSection(SolutionConfigurationPlatforms) = preSolution
		Debug|Any CPU = Debug|Any CPU
		Release|Any CPU = Release|Any CPU
	EndGlobalSection
	GlobalSection(ProjectConfigurationPlatforms) = postSolution
		{5783E685-BAEE-4D58-83E9-1ACFEE932C52}.Debug|Any CPU.ActiveCfg = Debug|Any CPU
		{5783E685-BAEE-4D58-83E9-1ACFEE932C52}.Debug|Any CPU.Build.0 = Debug|Any CPU
		{5783E685-BAEE-4D58-83E9-1ACFEE932C52}.Release|Any CPU.ActiveCfg = Release|Any CPU
		{5783E685-BAEE-4D58-83E9-1ACFEE932C52}.Release|Any CPU.Build.0 = Release|Any CPU
		{88FBD15F-49D2-4824-8AEB-8E83E9D5A984}.Debug|Any CPU.ActiveCfg = Debug|Any CPU
		{88FBD15F-49D2-4824-8AEB-8E83E9D5A984}.Debug|Any CPU.Build.0 = Debug|Any CPU
		{88FBD15F-49D2-4824-8AEB-8E83E9D5A984}.Release|Any CPU.ActiveCfg = Release|Any CPU
		{88FBD15F-49D2-4824-8AEB-8E83E9D5A984}.Release|Any CPU.Build.0 = Release|Any CPU
		{0E4CD24F-CDF7-48FA-9B08-6C4013844063}.Debug|Any CPU.ActiveCfg = Debug|Any CPU
		{0E4CD24F-CDF7-48FA-9B08-6C4013844063}.Debug|Any CPU.Build.0 = Debug|Any CPU
		{0E4CD24F-CDF7-48FA-9B08-6C4013844063}.Release|Any CPU.ActiveCfg = Release|Any CPU
		{0E4CD24F-CDF7-48FA-9B08-6C4013844063}.Release|Any CPU.Build.0 = Release|Any CPU
		{0CE15D15-3355-4BDC-A40A-3FD97E5948E5}.Debug|Any CPU.ActiveCfg = Debug|Any CPU
		{0CE15D15-3355-4BDC-A40A-3FD97E5948E5}.Debug|Any CPU.Build.0 = Debug|Any CPU
		{0CE15D15-3355-4BDC-A40A-3FD97E5948E5}.Release|Any CPU.ActiveCfg = Release|Any CPU
		{0CE15D15-3355-4BDC-A40A-3FD97E5948E5}.Release|Any CPU.Build.0 = Release|Any CPU
		{06695021-9EF4-4544-93E1-3ACD3CE626FC}.Debug|Any CPU.ActiveCfg = Debug|Any CPU
		{06695021-9EF4-4544-93E1-3ACD3CE626FC}.Debug|Any CPU.Build.0 = Debug|Any CPU
		{06695021-9EF4-4544-93E1-3ACD3CE626FC}.Release|Any CPU.ActiveCfg = Release|Any CPU
		{06695021-9EF4-4544-93E1-3ACD3CE626FC}.Release|Any CPU.Build.0 = Release|Any CPU
		{041B4CB4-9FEE-4416-8874-2A65BC5E480E}.Debug|Any CPU.ActiveCfg = Debug|Any CPU
		{041B4CB4-9FEE-4416-8874-2A65BC5E480E}.Debug|Any CPU.Build.0 = Debug|Any CPU
		{041B4CB4-9FEE-4416-8874-2A65BC5E480E}.Release|Any CPU.ActiveCfg = Release|Any CPU
		{041B4CB4-9FEE-4416-8874-2A65BC5E480E}.Release|Any CPU.Build.0 = Release|Any CPU
		{778E1E31-934A-4200-B0A8-77293033FE6E}.Debug|Any CPU.ActiveCfg = Debug|Any CPU
		{778E1E31-934A-4200-B0A8-77293033FE6E}.Debug|Any CPU.Build.0 = Debug|Any CPU
		{778E1E31-934A-4200-B0A8-77293033FE6E}.Release|Any CPU.ActiveCfg = Release|Any CPU
		{778E1E31-934A-4200-B0A8-77293033FE6E}.Release|Any CPU.Build.0 = Release|Any CPU
		{BAC8829B-6867-4FDD-B513-29A4C57224FE}.Debug|Any CPU.ActiveCfg = Debug|Any CPU
		{BAC8829B-6867-4FDD-B513-29A4C57224FE}.Debug|Any CPU.Build.0 = Debug|Any CPU
		{BAC8829B-6867-4FDD-B513-29A4C57224FE}.Release|Any CPU.ActiveCfg = Release|Any CPU
		{BAC8829B-6867-4FDD-B513-29A4C57224FE}.Release|Any CPU.Build.0 = Release|Any CPU
		{CE3D4785-0928-4083-B21A-59AC9F787FA1}.Debug|Any CPU.ActiveCfg = Debug|Any CPU
		{CE3D4785-0928-4083-B21A-59AC9F787FA1}.Debug|Any CPU.Build.0 = Debug|Any CPU
		{CE3D4785-0928-4083-B21A-59AC9F787FA1}.Release|Any CPU.ActiveCfg = Release|Any CPU
		{CE3D4785-0928-4083-B21A-59AC9F787FA1}.Release|Any CPU.Build.0 = Release|Any CPU
		{21CDFBBE-690B-4AE4-BA7A-078A079D0F6A}.Debug|Any CPU.ActiveCfg = Debug|Any CPU
		{21CDFBBE-690B-4AE4-BA7A-078A079D0F6A}.Debug|Any CPU.Build.0 = Debug|Any CPU
		{21CDFBBE-690B-4AE4-BA7A-078A079D0F6A}.Release|Any CPU.ActiveCfg = Release|Any CPU
		{21CDFBBE-690B-4AE4-BA7A-078A079D0F6A}.Release|Any CPU.Build.0 = Release|Any CPU
	EndGlobalSection
	GlobalSection(SolutionProperties) = preSolution
		HideSolutionNode = FALSE
	EndGlobalSection
	GlobalSection(NestedProjects) = preSolution
		{88FBD15F-49D2-4824-8AEB-8E83E9D5A984} = {22E87C4A-CA7C-43C3-8D80-8A6E86C70D9E}
		{0E4CD24F-CDF7-48FA-9B08-6C4013844063} = {22E87C4A-CA7C-43C3-8D80-8A6E86C70D9E}
		{0CE15D15-3355-4BDC-A40A-3FD97E5948E5} = {704C78AC-6D5D-4619-8A05-0313A9F4FA09}
		{06695021-9EF4-4544-93E1-3ACD3CE626FC} = {7BFEB891-43A6-4B1F-9D24-FC16F20ADF36}
		{041B4CB4-9FEE-4416-8874-2A65BC5E480E} = {7BFEB891-43A6-4B1F-9D24-FC16F20ADF36}
		{778E1E31-934A-4200-B0A8-77293033FE6E} = {7BFEB891-43A6-4B1F-9D24-FC16F20ADF36}
		{BAC8829B-6867-4FDD-B513-29A4C57224FE} = {35A0091F-592D-4EBB-A05F-81C9BC1C2AF3}
		{CE3D4785-0928-4083-B21A-59AC9F787FA1} = {7BFEB891-43A6-4B1F-9D24-FC16F20ADF36}
		{21CDFBBE-690B-4AE4-BA7A-078A079D0F6A} = {7BFEB891-43A6-4B1F-9D24-FC16F20ADF36}
	EndGlobalSection
	GlobalSection(ExtensibilityGlobals) = postSolution
		SolutionGuid = {3C64D9D2-B458-4490-9A14-68A6A999D924}
	EndGlobalSection
EndGlobal
